
Microsoft Visual Studio Solution File, Format Version 12.00
# Visual Studio Version 17
VisualStudioVersion = 17.2.32630.192
MinimumVisualStudioVersion = 10.0.40219.1
Project("{9A19103F-16F7-4668-BE54-9A1E7A4F7556}") = "Enroot.Domain", "Enroot.Domain\Enroot.Domain.csproj", "{9AB34B74-1B72-4E50-B634-4913000BBFD7}"
EndProject
Project("{9A19103F-16F7-4668-BE54-9A1E7A4F7556}") = "Enroot.Infrastructure", "Enroot.Infrastructure\Enroot.Infrastructure.csproj", "{9B1FE033-5CFC-4A98-AEA1-0408EBFB5295}"
EndProject
Project("{9A19103F-16F7-4668-BE54-9A1E7A4F7556}") = "Enroot.Application", "Enroot.Application\Enroot.Application.csproj", "{7ACC63F9-21D5-4424-9F97-401CF3924D28}"
EndProject
Project("{9A19103F-16F7-4668-BE54-9A1E7A4F7556}") = "Enroot.Contracts", "Enroot.Contracts\Enroot.Contracts.csproj", "{0A542592-FF4A-4C73-B31A-1CC8791178D6}"
EndProject
Project("{9A19103F-16F7-4668-BE54-9A1E7A4F7556}") = "Enroot.Api", "Enroot.Api\Enroot.Api.csproj", "{9E012A31-8C8A-440F-8881-9EF1760774A2}"
EndProject
Project("{2150E333-8FDC-42A3-9474-1A3956D46DE8}") = "tests", "tests", "{7EC8A0C0-319A-432D-A9F6-8C7987090F46}"
EndProject
Project("{2150E333-8FDC-42A3-9474-1A3956D46DE8}") = "src", "src", "{58FFBD56-3CD9-491D-8C27-2679B9D70870}"
EndProject
Project("{FAE04EC0-301F-11D3-BF4B-00C04F79EFBC}") = "Enroot.Domain.Unit", "tests\Enroot.Domain.Unit\Enroot.Domain.Unit.csproj", "{069FEA82-C3F5-45C4-8757-21B5F1C608B5}"
EndProject
Project("{FAE04EC0-301F-11D3-BF4B-00C04F79EFBC}") = "Enroot.Application.Unit", "tests\Enroot.Application.Unit\Enroot.Application.Unit.csproj", "{91269818-D7C7-4A79-A213-3C9C26828446}"
EndProject
Project("{FAE04EC0-301F-11D3-BF4B-00C04F79EFBC}") = "Enroot.Application.Integration", "tests\Enroot.Application.Integration\Enroot.Application.Integration.csproj", "{89E98528-C177-4802-BA36-81D632D13875}"
EndProject
Global
	GlobalSection(SolutionConfigurationPlatforms) = preSolution
		Debug|Any CPU = Debug|Any CPU
		Release|Any CPU = Release|Any CPU
	EndGlobalSection
	GlobalSection(ProjectConfigurationPlatforms) = postSolution
		{9AB34B74-1B72-4E50-B634-4913000BBFD7}.Debug|Any CPU.ActiveCfg = Debug|Any CPU
		{9AB34B74-1B72-4E50-B634-4913000BBFD7}.Debug|Any CPU.Build.0 = Debug|Any CPU
		{9AB34B74-1B72-4E50-B634-4913000BBFD7}.Release|Any CPU.ActiveCfg = Release|Any CPU
		{9AB34B74-1B72-4E50-B634-4913000BBFD7}.Release|Any CPU.Build.0 = Release|Any CPU
		{9B1FE033-5CFC-4A98-AEA1-0408EBFB5295}.Debug|Any CPU.ActiveCfg = Debug|Any CPU
		{9B1FE033-5CFC-4A98-AEA1-0408EBFB5295}.Debug|Any CPU.Build.0 = Debug|Any CPU
		{9B1FE033-5CFC-4A98-AEA1-0408EBFB5295}.Release|Any CPU.ActiveCfg = Release|Any CPU
		{9B1FE033-5CFC-4A98-AEA1-0408EBFB5295}.Release|Any CPU.Build.0 = Release|Any CPU
		{7ACC63F9-21D5-4424-9F97-401CF3924D28}.Debug|Any CPU.ActiveCfg = Debug|Any CPU
		{7ACC63F9-21D5-4424-9F97-401CF3924D28}.Debug|Any CPU.Build.0 = Debug|Any CPU
		{7ACC63F9-21D5-4424-9F97-401CF3924D28}.Release|Any CPU.ActiveCfg = Release|Any CPU
		{7ACC63F9-21D5-4424-9F97-401CF3924D28}.Release|Any CPU.Build.0 = Release|Any CPU
		{0A542592-FF4A-4C73-B31A-1CC8791178D6}.Debug|Any CPU.ActiveCfg = Debug|Any CPU
		{0A542592-FF4A-4C73-B31A-1CC8791178D6}.Debug|Any CPU.Build.0 = Debug|Any CPU
		{0A542592-FF4A-4C73-B31A-1CC8791178D6}.Release|Any CPU.ActiveCfg = Release|Any CPU
		{0A542592-FF4A-4C73-B31A-1CC8791178D6}.Release|Any CPU.Build.0 = Release|Any CPU
		{9E012A31-8C8A-440F-8881-9EF1760774A2}.Debug|Any CPU.ActiveCfg = Debug|Any CPU
		{9E012A31-8C8A-440F-8881-9EF1760774A2}.Debug|Any CPU.Build.0 = Debug|Any CPU
		{9E012A31-8C8A-440F-8881-9EF1760774A2}.Release|Any CPU.ActiveCfg = Release|Any CPU
		{9E012A31-8C8A-440F-8881-9EF1760774A2}.Release|Any CPU.Build.0 = Release|Any CPU
		{069FEA82-C3F5-45C4-8757-21B5F1C608B5}.Debug|Any CPU.ActiveCfg = Debug|Any CPU
		{069FEA82-C3F5-45C4-8757-21B5F1C608B5}.Debug|Any CPU.Build.0 = Debug|Any CPU
		{069FEA82-C3F5-45C4-8757-21B5F1C608B5}.Release|Any CPU.ActiveCfg = Release|Any CPU
		{069FEA82-C3F5-45C4-8757-21B5F1C608B5}.Release|Any CPU.Build.0 = Release|Any CPU
		{91269818-D7C7-4A79-A213-3C9C26828446}.Debug|Any CPU.ActiveCfg = Debug|Any CPU
		{91269818-D7C7-4A79-A213-3C9C26828446}.Debug|Any CPU.Build.0 = Debug|Any CPU
		{91269818-D7C7-4A79-A213-3C9C26828446}.Release|Any CPU.ActiveCfg = Release|Any CPU
		{91269818-D7C7-4A79-A213-3C9C26828446}.Release|Any CPU.Build.0 = Release|Any CPU
		{89E98528-C177-4802-BA36-81D632D13875}.Debug|Any CPU.ActiveCfg = Debug|Any CPU
		{89E98528-C177-4802-BA36-81D632D13875}.Debug|Any CPU.Build.0 = Debug|Any CPU
		{89E98528-C177-4802-BA36-81D632D13875}.Release|Any CPU.ActiveCfg = Release|Any CPU
		{89E98528-C177-4802-BA36-81D632D13875}.Release|Any CPU.Build.0 = Release|Any CPU
	EndGlobalSection
	GlobalSection(SolutionProperties) = preSolution
		HideSolutionNode = FALSE
	EndGlobalSection
	GlobalSection(NestedProjects) = preSolution
		{9AB34B74-1B72-4E50-B634-4913000BBFD7} = {58FFBD56-3CD9-491D-8C27-2679B9D70870}
		{9B1FE033-5CFC-4A98-AEA1-0408EBFB5295} = {58FFBD56-3CD9-491D-8C27-2679B9D70870}
		{7ACC63F9-21D5-4424-9F97-401CF3924D28} = {58FFBD56-3CD9-491D-8C27-2679B9D70870}
		{0A542592-FF4A-4C73-B31A-1CC8791178D6} = {58FFBD56-3CD9-491D-8C27-2679B9D70870}
		{9E012A31-8C8A-440F-8881-9EF1760774A2} = {58FFBD56-3CD9-491D-8C27-2679B9D70870}
		{069FEA82-C3F5-45C4-8757-21B5F1C608B5} = {7EC8A0C0-319A-432D-A9F6-8C7987090F46}
		{91269818-D7C7-4A79-A213-3C9C26828446} = {7EC8A0C0-319A-432D-A9F6-8C7987090F46}
		{89E98528-C177-4802-BA36-81D632D13875} = {7EC8A0C0-319A-432D-A9F6-8C7987090F46}
	EndGlobalSection
	GlobalSection(ExtensibilityGlobals) = postSolution
		SolutionGuid = {60C80504-72D8-483E-A50A-C5DF0B58ECE7}
	EndGlobalSection
EndGlobal
